// !$*UTF8*$!
{
	archiveVersion = 1;
	classes = {
	};
	objectVersion = 55;
	objects = {

/* Begin PBXBuildFile section */
		110169F322CCFCF22B568568 /* Pods_LoodosMovie.framework in Frameworks */ = {isa = PBXBuildFile; fileRef = C8A9BDFE3D4CD2901E6BD819 /* Pods_LoodosMovie.framework */; };
		2096E67432C4E21AF699AE14 /* Pods_LoodosMovieTests.framework in Frameworks */ = {isa = PBXBuildFile; fileRef = E1064211454CA78535A37B07 /* Pods_LoodosMovieTests.framework */; };
		4D569FD2280189F60019D709 /* Collection+Ext.swift in Sources */ = {isa = PBXBuildFile; fileRef = 4D569FD1280189F60019D709 /* Collection+Ext.swift */; };
		4D569FD628018C810019D709 /* MovieItemCell.swift in Sources */ = {isa = PBXBuildFile; fileRef = 4D569FD428018C810019D709 /* MovieItemCell.swift */; };
		4D569FD728018C810019D709 /* MovieItemCell.xib in Resources */ = {isa = PBXBuildFile; fileRef = 4D569FD528018C810019D709 /* MovieItemCell.xib */; };
		4D569FD928019CC80019D709 /* MovieRatings.swift in Sources */ = {isa = PBXBuildFile; fileRef = 4D569FD828019CC80019D709 /* MovieRatings.swift */; };
		4D569FDD2801E5270019D709 /* SearchBar.swift in Sources */ = {isa = PBXBuildFile; fileRef = 4D569FDC2801E5270019D709 /* SearchBar.swift */; };
		4D569FDF2801E5390019D709 /* SearchBar.xib in Resources */ = {isa = PBXBuildFile; fileRef = 4D569FDE2801E5390019D709 /* SearchBar.xib */; };
		4D569FE12801E5890019D709 /* UIView+Ext.swift in Sources */ = {isa = PBXBuildFile; fileRef = 4D569FE02801E5890019D709 /* UIView+Ext.swift */; };
		4D569FE32801EFCA0019D709 /* UIApplication+Ext.swift in Sources */ = {isa = PBXBuildFile; fileRef = 4D569FE22801EFCA0019D709 /* UIApplication+Ext.swift */; };
		4D569FE6280203350019D709 /* ImdbRatingView.swift in Sources */ = {isa = PBXBuildFile; fileRef = 4D569FE5280203350019D709 /* ImdbRatingView.swift */; };
		4D569FE8280203430019D709 /* ImdbRatingView.xib in Resources */ = {isa = PBXBuildFile; fileRef = 4D569FE7280203430019D709 /* ImdbRatingView.xib */; };
		4D569FEA280208890019D709 /* InputMovieDetailModel.swift in Sources */ = {isa = PBXBuildFile; fileRef = 4D569FE9280208890019D709 /* InputMovieDetailModel.swift */; };
		4D569FED280209890019D709 /* LoadingCell.swift in Sources */ = {isa = PBXBuildFile; fileRef = 4D569FEB280209890019D709 /* LoadingCell.swift */; };
		4D569FEE280209890019D709 /* LoadingCell.xib in Resources */ = {isa = PBXBuildFile; fileRef = 4D569FEC280209890019D709 /* LoadingCell.xib */; };
		4D569FF2280213EB0019D709 /* ToastMessage.swift in Sources */ = {isa = PBXBuildFile; fileRef = 4D569FEF280213EA0019D709 /* ToastMessage.swift */; };
		4D569FF3280213EB0019D709 /* ToastMessageBarView.xib in Resources */ = {isa = PBXBuildFile; fileRef = 4D569FF0280213EB0019D709 /* ToastMessageBarView.xib */; };
		4D569FF4280213EB0019D709 /* ToastMessageBarView.swift in Sources */ = {isa = PBXBuildFile; fileRef = 4D569FF1280213EB0019D709 /* ToastMessageBarView.swift */; };
		4D569FF7280216090019D709 /* CALayer+Ext.swift in Sources */ = {isa = PBXBuildFile; fileRef = 4D569FF6280216090019D709 /* CALayer+Ext.swift */; };
		4D569FFA28021C990019D709 /* MovieDetails.swift in Sources */ = {isa = PBXBuildFile; fileRef = 4D569FF928021C990019D709 /* MovieDetails.swift */; };
		4D569FFC28021CD60019D709 /* MovieBaseInfo.swift in Sources */ = {isa = PBXBuildFile; fileRef = 4D569FFB28021CD60019D709 /* MovieBaseInfo.swift */; };
		4D569FFF28021F6C0019D709 /* MovieDetailsVC.swift in Sources */ = {isa = PBXBuildFile; fileRef = 4D569FFD28021F6C0019D709 /* MovieDetailsVC.swift */; };
		4D56A00028021F6C0019D709 /* MovieDetailsVC.xib in Resources */ = {isa = PBXBuildFile; fileRef = 4D569FFE28021F6C0019D709 /* MovieDetailsVC.xib */; };
		4D56A00228021F7A0019D709 /* MovieDetailsVM.swift in Sources */ = {isa = PBXBuildFile; fileRef = 4D56A00128021F7A0019D709 /* MovieDetailsVM.swift */; };
		4D56A005280221B00019D709 /* MovieDetailsBuilderImpl.swift in Sources */ = {isa = PBXBuildFile; fileRef = 4D56A004280221B00019D709 /* MovieDetailsBuilderImpl.swift */; };
		4D56A0072802223F0019D709 /* DetailMovieUseCaseImpl.swift in Sources */ = {isa = PBXBuildFile; fileRef = 4D56A0062802223F0019D709 /* DetailMovieUseCaseImpl.swift */; };
		4D56A009280222600019D709 /* FetchMovieDetailsService.swift in Sources */ = {isa = PBXBuildFile; fileRef = 4D56A008280222600019D709 /* FetchMovieDetailsService.swift */; };
		4D56A00D28022FE50019D709 /* StretchyTableHeaderView.xib in Resources */ = {isa = PBXBuildFile; fileRef = 4D56A00C28022FE50019D709 /* StretchyTableHeaderView.xib */; };
		4D56A00F280230120019D709 /* StretchyTableHeaderView.swift in Sources */ = {isa = PBXBuildFile; fileRef = 4D56A00E280230120019D709 /* StretchyTableHeaderView.swift */; };
		4D56A011280232CA0019D709 /* UITableViewController+Ext.swift in Sources */ = {isa = PBXBuildFile; fileRef = 4D56A010280232CA0019D709 /* UITableViewController+Ext.swift */; };
		4D56A01A280325C20019D709 /* DetailCommonInfoCell.swift in Sources */ = {isa = PBXBuildFile; fileRef = 4D56A018280325C20019D709 /* DetailCommonInfoCell.swift */; };
		4D56A01B280325C20019D709 /* DetailCommonInfoCell.xib in Resources */ = {isa = PBXBuildFile; fileRef = 4D56A019280325C20019D709 /* DetailCommonInfoCell.xib */; };
		4D56A01E280331820019D709 /* TableViewLoadingCell.swift in Sources */ = {isa = PBXBuildFile; fileRef = 4D56A01C280331820019D709 /* TableViewLoadingCell.swift */; };
		4D56A01F280331820019D709 /* TableViewLoadingCell.xib in Resources */ = {isa = PBXBuildFile; fileRef = 4D56A01D280331820019D709 /* TableViewLoadingCell.xib */; };
		4D56A022280336640019D709 /* AnalyticsManager.swift in Sources */ = {isa = PBXBuildFile; fileRef = 4D56A021280336640019D709 /* AnalyticsManager.swift */; };
		4D56A02428033D220019D709 /* DictionarySerialization.swift in Sources */ = {isa = PBXBuildFile; fileRef = 4D56A02328033D220019D709 /* DictionarySerialization.swift */; };
		4D56A02628033D460019D709 /* DetailModelMapper.swift in Sources */ = {isa = PBXBuildFile; fileRef = 4D56A02528033D460019D709 /* DetailModelMapper.swift */; };
		4D56A02828033E0A0019D709 /* MovieDetailAnalyticsModel.swift in Sources */ = {isa = PBXBuildFile; fileRef = 4D56A02728033E0A0019D709 /* MovieDetailAnalyticsModel.swift */; };
		4D56A02A28041F1D0019D709 /* NetworkManager.swift in Sources */ = {isa = PBXBuildFile; fileRef = 4D56A02928041F1D0019D709 /* NetworkManager.swift */; };
		4D56A030280428860019D709 /* NoInternetConnectionVC.swift in Sources */ = {isa = PBXBuildFile; fileRef = 4D56A02E280428860019D709 /* NoInternetConnectionVC.swift */; };
		4D56A031280428860019D709 /* NoInternetConnectionVC.xib in Resources */ = {isa = PBXBuildFile; fileRef = 4D56A02F280428860019D709 /* NoInternetConnectionVC.xib */; };
		4D56A033280429630019D709 /* notConnection.json in Resources */ = {isa = PBXBuildFile; fileRef = 4D56A032280429630019D709 /* notConnection.json */; };
		4D73A64927FEC1B90058F0C0 /* AppDelegate.swift in Sources */ = {isa = PBXBuildFile; fileRef = 4D73A64827FEC1B90058F0C0 /* AppDelegate.swift */; };
		4D73A65227FEC1BB0058F0C0 /* Assets.xcassets in Resources */ = {isa = PBXBuildFile; fileRef = 4D73A65127FEC1BB0058F0C0 /* Assets.xcassets */; };
		4D73A65527FEC1BB0058F0C0 /* LaunchScreen.storyboard in Resources */ = {isa = PBXBuildFile; fileRef = 4D73A65327FEC1BB0058F0C0 /* LaunchScreen.storyboard */; };
		4D73A66027FEC1BB0058F0C0 /* LoodosMovieTests.swift in Sources */ = {isa = PBXBuildFile; fileRef = 4D73A65F27FEC1BB0058F0C0 /* LoodosMovieTests.swift */; };
		4D73A66A27FEC1BB0058F0C0 /* LoodosMovieUITests.swift in Sources */ = {isa = PBXBuildFile; fileRef = 4D73A66927FEC1BB0058F0C0 /* LoodosMovieUITests.swift */; };
		4D73A66C27FEC1BB0058F0C0 /* LoodosMovieUITestsLaunchTests.swift in Sources */ = {isa = PBXBuildFile; fileRef = 4D73A66B27FEC1BB0058F0C0 /* LoodosMovieUITestsLaunchTests.swift */; };
		4D73A68427FED0030058F0C0 /* Coordinator.swift in Sources */ = {isa = PBXBuildFile; fileRef = 4D73A68327FED0030058F0C0 /* Coordinator.swift */; };
		4D73A68727FED2470058F0C0 /* Router.swift in Sources */ = {isa = PBXBuildFile; fileRef = 4D73A68627FED2470058F0C0 /* Router.swift */; };
		4D73A68A27FED3260058F0C0 /* BaseNavigationController.swift in Sources */ = {isa = PBXBuildFile; fileRef = 4D73A68927FED3260058F0C0 /* BaseNavigationController.swift */; };
		4D73A68C27FF48520058F0C0 /* GoogleService-Info.plist in Resources */ = {isa = PBXBuildFile; fileRef = 4D73A68B27FF48520058F0C0 /* GoogleService-Info.plist */; };
		4D73A68E27FF52DD0058F0C0 /* FirebaseRemoteConfig.swift in Sources */ = {isa = PBXBuildFile; fileRef = 4D73A68D27FF52DD0058F0C0 /* FirebaseRemoteConfig.swift */; };
		4DB7FB2627FF581900F18F3F /* ErrorEntity.swift in Sources */ = {isa = PBXBuildFile; fileRef = 4DB7FB2527FF581900F18F3F /* ErrorEntity.swift */; };
		4DB7FB2827FF5F9800F18F3F /* AppCoordinator.swift in Sources */ = {isa = PBXBuildFile; fileRef = 4DB7FB2727FF5F9800F18F3F /* AppCoordinator.swift */; };
		4DB7FB2B27FF607600F18F3F /* SplashVC.swift in Sources */ = {isa = PBXBuildFile; fileRef = 4DB7FB2927FF607600F18F3F /* SplashVC.swift */; };
		4DB7FB2C27FF607600F18F3F /* SplashVC.xib in Resources */ = {isa = PBXBuildFile; fileRef = 4DB7FB2A27FF607600F18F3F /* SplashVC.xib */; };
		4DB7FB2F27FF60B400F18F3F /* BaseViewController.swift in Sources */ = {isa = PBXBuildFile; fileRef = 4DB7FB2E27FF60B400F18F3F /* BaseViewController.swift */; };
		4DB7FB3227FF61CD00F18F3F /* SplashBuilderImpl.swift in Sources */ = {isa = PBXBuildFile; fileRef = 4DB7FB3127FF61CD00F18F3F /* SplashBuilderImpl.swift */; };
		4DB7FB3427FF63E200F18F3F /* SplashVM.swift in Sources */ = {isa = PBXBuildFile; fileRef = 4DB7FB3327FF63E200F18F3F /* SplashVM.swift */; };
		4DB7FB39280048CF00F18F3F /* blackMovieLoading.json in Resources */ = {isa = PBXBuildFile; fileRef = 4DB7FB37280048CF00F18F3F /* blackMovieLoading.json */; };
		4DB7FB3A280048CF00F18F3F /* yellowMovie.json in Resources */ = {isa = PBXBuildFile; fileRef = 4DB7FB38280048CF00F18F3F /* yellowMovie.json */; };
		4DB7FB3C2800A82100F18F3F /* movieLoading.json in Resources */ = {isa = PBXBuildFile; fileRef = 4DB7FB3B2800A82100F18F3F /* movieLoading.json */; };
		4DB7FB3F2800C27900F18F3F /* UIColor+Ext.swift in Sources */ = {isa = PBXBuildFile; fileRef = 4DB7FB3E2800C27900F18F3F /* UIColor+Ext.swift */; };
		4DB7FB412800C5DD00F18F3F /* NSObject+Ext.swift in Sources */ = {isa = PBXBuildFile; fileRef = 4DB7FB402800C5DD00F18F3F /* NSObject+Ext.swift */; };
		4DB7FB432800C64000F18F3F /* UIImageView+Ext.swift in Sources */ = {isa = PBXBuildFile; fileRef = 4DB7FB422800C64000F18F3F /* UIImageView+Ext.swift */; };
		4DB7FB462800C6B800F18F3F /* SplashScreenTransition.swift in Sources */ = {isa = PBXBuildFile; fileRef = 4DB7FB452800C6B800F18F3F /* SplashScreenTransition.swift */; };
		4DB7FB482800C9E700F18F3F /* MainCoordinator.swift in Sources */ = {isa = PBXBuildFile; fileRef = 4DB7FB472800C9E700F18F3F /* MainCoordinator.swift */; };
		4DB7FB4C2800CA8800F18F3F /* HomeVC.swift in Sources */ = {isa = PBXBuildFile; fileRef = 4DB7FB4A2800CA8800F18F3F /* HomeVC.swift */; };
		4DB7FB4D2800CA8800F18F3F /* HomeVC.xib in Resources */ = {isa = PBXBuildFile; fileRef = 4DB7FB4B2800CA8800F18F3F /* HomeVC.xib */; };
		4DB7FB522800CAD600F18F3F /* HomeBuilderImpl.swift in Sources */ = {isa = PBXBuildFile; fileRef = 4DB7FB512800CAD600F18F3F /* HomeBuilderImpl.swift */; };
		4DB7FB542800D50100F18F3F /* FetchMovieService.swift in Sources */ = {isa = PBXBuildFile; fileRef = 4DB7FB532800D50100F18F3F /* FetchMovieService.swift */; };
		4DB7FB582800D7D900F18F3F /* ApiManager.swift in Sources */ = {isa = PBXBuildFile; fileRef = 4DB7FB572800D7D900F18F3F /* ApiManager.swift */; };
		4DB7FB5A2800DB6C00F18F3F /* MovieItemModel.swift in Sources */ = {isa = PBXBuildFile; fileRef = 4DB7FB592800DB6C00F18F3F /* MovieItemModel.swift */; };
		4DB7FB5C2800DC2900F18F3F /* InputMovieSearchModel.swift in Sources */ = {isa = PBXBuildFile; fileRef = 4DB7FB5B2800DC2900F18F3F /* InputMovieSearchModel.swift */; };
		4DB7FB5E2800EEFF00F18F3F /* SearchResponseModel.swift in Sources */ = {isa = PBXBuildFile; fileRef = 4DB7FB5D2800EEFF00F18F3F /* SearchResponseModel.swift */; };
		4DB7FB602800F2B600F18F3F /* HomeVM.swift in Sources */ = {isa = PBXBuildFile; fileRef = 4DB7FB5F2800F2B600F18F3F /* HomeVM.swift */; };
		4DB7FB632800F30D00F18F3F /* VMHelper.swift in Sources */ = {isa = PBXBuildFile; fileRef = 4DB7FB622800F30D00F18F3F /* VMHelper.swift */; };
		4DB7FB672800F4B800F18F3F /* ListMovieUseCaseImpl.swift in Sources */ = {isa = PBXBuildFile; fileRef = 4DB7FB662800F4B800F18F3F /* ListMovieUseCaseImpl.swift */; };
		8FBC21D63CE545988DEE8859 /* Pods_LoodosMovie_LoodosMovieUITests.framework in Frameworks */ = {isa = PBXBuildFile; fileRef = 370E0C0D91799DB40FDF35B9 /* Pods_LoodosMovie_LoodosMovieUITests.framework */; };
/* End PBXBuildFile section */

/* Begin PBXContainerItemProxy section */
		4D73A65C27FEC1BB0058F0C0 /* PBXContainerItemProxy */ = {
			isa = PBXContainerItemProxy;
			containerPortal = 4D73A63D27FEC1B90058F0C0 /* Project object */;
			proxyType = 1;
			remoteGlobalIDString = 4D73A64427FEC1B90058F0C0;
			remoteInfo = LoodosMovie;
		};
		4D73A66627FEC1BB0058F0C0 /* PBXContainerItemProxy */ = {
			isa = PBXContainerItemProxy;
			containerPortal = 4D73A63D27FEC1B90058F0C0 /* Project object */;
			proxyType = 1;
			remoteGlobalIDString = 4D73A64427FEC1B90058F0C0;
			remoteInfo = LoodosMovie;
		};
/* End PBXContainerItemProxy section */

/* Begin PBXFileReference section */
		0CF6931231AC7B8BE21A7E3E /* Pods-LoodosMovieTests.release.xcconfig */ = {isa = PBXFileReference; includeInIndex = 1; lastKnownFileType = text.xcconfig; name = "Pods-LoodosMovieTests.release.xcconfig"; path = "Target Support Files/Pods-LoodosMovieTests/Pods-LoodosMovieTests.release.xcconfig"; sourceTree = "<group>"; };
		370E0C0D91799DB40FDF35B9 /* Pods_LoodosMovie_LoodosMovieUITests.framework */ = {isa = PBXFileReference; explicitFileType = wrapper.framework; includeInIndex = 0; path = Pods_LoodosMovie_LoodosMovieUITests.framework; sourceTree = BUILT_PRODUCTS_DIR; };
		4D569FD1280189F60019D709 /* Collection+Ext.swift */ = {isa = PBXFileReference; lastKnownFileType = sourcecode.swift; path = "Collection+Ext.swift"; sourceTree = "<group>"; };
		4D569FD428018C810019D709 /* MovieItemCell.swift */ = {isa = PBXFileReference; lastKnownFileType = sourcecode.swift; path = MovieItemCell.swift; sourceTree = "<group>"; };
		4D569FD528018C810019D709 /* MovieItemCell.xib */ = {isa = PBXFileReference; lastKnownFileType = file.xib; path = MovieItemCell.xib; sourceTree = "<group>"; };
		4D569FD828019CC80019D709 /* MovieRatings.swift */ = {isa = PBXFileReference; lastKnownFileType = sourcecode.swift; path = MovieRatings.swift; sourceTree = "<group>"; };
		4D569FDC2801E5270019D709 /* SearchBar.swift */ = {isa = PBXFileReference; lastKnownFileType = sourcecode.swift; path = SearchBar.swift; sourceTree = "<group>"; };
		4D569FDE2801E5390019D709 /* SearchBar.xib */ = {isa = PBXFileReference; lastKnownFileType = file.xib; path = SearchBar.xib; sourceTree = "<group>"; };
		4D569FE02801E5890019D709 /* UIView+Ext.swift */ = {isa = PBXFileReference; lastKnownFileType = sourcecode.swift; path = "UIView+Ext.swift"; sourceTree = "<group>"; };
		4D569FE22801EFCA0019D709 /* UIApplication+Ext.swift */ = {isa = PBXFileReference; lastKnownFileType = sourcecode.swift; path = "UIApplication+Ext.swift"; sourceTree = "<group>"; };
		4D569FE5280203350019D709 /* ImdbRatingView.swift */ = {isa = PBXFileReference; lastKnownFileType = sourcecode.swift; path = ImdbRatingView.swift; sourceTree = "<group>"; };
		4D569FE7280203430019D709 /* ImdbRatingView.xib */ = {isa = PBXFileReference; lastKnownFileType = file.xib; path = ImdbRatingView.xib; sourceTree = "<group>"; };
		4D569FE9280208890019D709 /* InputMovieDetailModel.swift */ = {isa = PBXFileReference; lastKnownFileType = sourcecode.swift; path = InputMovieDetailModel.swift; sourceTree = "<group>"; };
		4D569FEB280209890019D709 /* LoadingCell.swift */ = {isa = PBXFileReference; lastKnownFileType = sourcecode.swift; path = LoadingCell.swift; sourceTree = "<group>"; };
		4D569FEC280209890019D709 /* LoadingCell.xib */ = {isa = PBXFileReference; lastKnownFileType = file.xib; path = LoadingCell.xib; sourceTree = "<group>"; };
		4D569FEF280213EA0019D709 /* ToastMessage.swift */ = {isa = PBXFileReference; fileEncoding = 4; lastKnownFileType = sourcecode.swift; path = ToastMessage.swift; sourceTree = "<group>"; };
		4D569FF0280213EB0019D709 /* ToastMessageBarView.xib */ = {isa = PBXFileReference; fileEncoding = 4; lastKnownFileType = file.xib; path = ToastMessageBarView.xib; sourceTree = "<group>"; };
		4D569FF1280213EB0019D709 /* ToastMessageBarView.swift */ = {isa = PBXFileReference; fileEncoding = 4; lastKnownFileType = sourcecode.swift; path = ToastMessageBarView.swift; sourceTree = "<group>"; };
		4D569FF6280216090019D709 /* CALayer+Ext.swift */ = {isa = PBXFileReference; lastKnownFileType = sourcecode.swift; path = "CALayer+Ext.swift"; sourceTree = "<group>"; };
		4D569FF928021C990019D709 /* MovieDetails.swift */ = {isa = PBXFileReference; lastKnownFileType = sourcecode.swift; path = MovieDetails.swift; sourceTree = "<group>"; };
		4D569FFB28021CD60019D709 /* MovieBaseInfo.swift */ = {isa = PBXFileReference; lastKnownFileType = sourcecode.swift; path = MovieBaseInfo.swift; sourceTree = "<group>"; };
		4D569FFD28021F6C0019D709 /* MovieDetailsVC.swift */ = {isa = PBXFileReference; lastKnownFileType = sourcecode.swift; path = MovieDetailsVC.swift; sourceTree = "<group>"; };
		4D569FFE28021F6C0019D709 /* MovieDetailsVC.xib */ = {isa = PBXFileReference; lastKnownFileType = file.xib; path = MovieDetailsVC.xib; sourceTree = "<group>"; };
		4D56A00128021F7A0019D709 /* MovieDetailsVM.swift */ = {isa = PBXFileReference; lastKnownFileType = sourcecode.swift; path = MovieDetailsVM.swift; sourceTree = "<group>"; };
		4D56A004280221B00019D709 /* MovieDetailsBuilderImpl.swift */ = {isa = PBXFileReference; lastKnownFileType = sourcecode.swift; path = MovieDetailsBuilderImpl.swift; sourceTree = "<group>"; };
		4D56A0062802223F0019D709 /* DetailMovieUseCaseImpl.swift */ = {isa = PBXFileReference; lastKnownFileType = sourcecode.swift; path = DetailMovieUseCaseImpl.swift; sourceTree = "<group>"; };
		4D56A008280222600019D709 /* FetchMovieDetailsService.swift */ = {isa = PBXFileReference; lastKnownFileType = sourcecode.swift; path = FetchMovieDetailsService.swift; sourceTree = "<group>"; };
		4D56A00C28022FE50019D709 /* StretchyTableHeaderView.xib */ = {isa = PBXFileReference; lastKnownFileType = file.xib; path = StretchyTableHeaderView.xib; sourceTree = "<group>"; };
		4D56A00E280230120019D709 /* StretchyTableHeaderView.swift */ = {isa = PBXFileReference; lastKnownFileType = sourcecode.swift; path = StretchyTableHeaderView.swift; sourceTree = "<group>"; };
		4D56A010280232CA0019D709 /* UITableViewController+Ext.swift */ = {isa = PBXFileReference; lastKnownFileType = sourcecode.swift; path = "UITableViewController+Ext.swift"; sourceTree = "<group>"; };
		4D56A018280325C20019D709 /* DetailCommonInfoCell.swift */ = {isa = PBXFileReference; lastKnownFileType = sourcecode.swift; path = DetailCommonInfoCell.swift; sourceTree = "<group>"; };
		4D56A019280325C20019D709 /* DetailCommonInfoCell.xib */ = {isa = PBXFileReference; lastKnownFileType = file.xib; path = DetailCommonInfoCell.xib; sourceTree = "<group>"; };
		4D56A01C280331820019D709 /* TableViewLoadingCell.swift */ = {isa = PBXFileReference; lastKnownFileType = sourcecode.swift; path = TableViewLoadingCell.swift; sourceTree = "<group>"; };
		4D56A01D280331820019D709 /* TableViewLoadingCell.xib */ = {isa = PBXFileReference; lastKnownFileType = file.xib; path = TableViewLoadingCell.xib; sourceTree = "<group>"; };
		4D56A021280336640019D709 /* AnalyticsManager.swift */ = {isa = PBXFileReference; lastKnownFileType = sourcecode.swift; path = AnalyticsManager.swift; sourceTree = "<group>"; };
		4D56A02328033D220019D709 /* DictionarySerialization.swift */ = {isa = PBXFileReference; lastKnownFileType = sourcecode.swift; path = DictionarySerialization.swift; sourceTree = "<group>"; };
		4D56A02528033D460019D709 /* DetailModelMapper.swift */ = {isa = PBXFileReference; lastKnownFileType = sourcecode.swift; path = DetailModelMapper.swift; sourceTree = "<group>"; };
		4D56A02728033E0A0019D709 /* MovieDetailAnalyticsModel.swift */ = {isa = PBXFileReference; lastKnownFileType = sourcecode.swift; path = MovieDetailAnalyticsModel.swift; sourceTree = "<group>"; };
		4D56A02928041F1D0019D709 /* NetworkManager.swift */ = {isa = PBXFileReference; lastKnownFileType = sourcecode.swift; path = NetworkManager.swift; sourceTree = "<group>"; };
		4D56A02E280428860019D709 /* NoInternetConnectionVC.swift */ = {isa = PBXFileReference; lastKnownFileType = sourcecode.swift; path = NoInternetConnectionVC.swift; sourceTree = "<group>"; };
		4D56A02F280428860019D709 /* NoInternetConnectionVC.xib */ = {isa = PBXFileReference; lastKnownFileType = file.xib; path = NoInternetConnectionVC.xib; sourceTree = "<group>"; };
		4D56A032280429630019D709 /* notConnection.json */ = {isa = PBXFileReference; fileEncoding = 4; lastKnownFileType = text.json; path = notConnection.json; sourceTree = "<group>"; };
		4D73A64527FEC1B90058F0C0 /* LoodosMovie.app */ = {isa = PBXFileReference; explicitFileType = wrapper.application; includeInIndex = 0; path = LoodosMovie.app; sourceTree = BUILT_PRODUCTS_DIR; };
		4D73A64827FEC1B90058F0C0 /* AppDelegate.swift */ = {isa = PBXFileReference; lastKnownFileType = sourcecode.swift; path = AppDelegate.swift; sourceTree = "<group>"; };
		4D73A65127FEC1BB0058F0C0 /* Assets.xcassets */ = {isa = PBXFileReference; lastKnownFileType = folder.assetcatalog; path = Assets.xcassets; sourceTree = "<group>"; };
		4D73A65427FEC1BB0058F0C0 /* Base */ = {isa = PBXFileReference; lastKnownFileType = file.storyboard; name = Base; path = Base.lproj/LaunchScreen.storyboard; sourceTree = "<group>"; };
		4D73A65627FEC1BB0058F0C0 /* Info.plist */ = {isa = PBXFileReference; lastKnownFileType = text.plist.xml; path = Info.plist; sourceTree = "<group>"; };
		4D73A65B27FEC1BB0058F0C0 /* LoodosMovieTests.xctest */ = {isa = PBXFileReference; explicitFileType = wrapper.cfbundle; includeInIndex = 0; path = LoodosMovieTests.xctest; sourceTree = BUILT_PRODUCTS_DIR; };
		4D73A65F27FEC1BB0058F0C0 /* LoodosMovieTests.swift */ = {isa = PBXFileReference; lastKnownFileType = sourcecode.swift; path = LoodosMovieTests.swift; sourceTree = "<group>"; };
		4D73A66527FEC1BB0058F0C0 /* LoodosMovieUITests.xctest */ = {isa = PBXFileReference; explicitFileType = wrapper.cfbundle; includeInIndex = 0; path = LoodosMovieUITests.xctest; sourceTree = BUILT_PRODUCTS_DIR; };
		4D73A66927FEC1BB0058F0C0 /* LoodosMovieUITests.swift */ = {isa = PBXFileReference; lastKnownFileType = sourcecode.swift; path = LoodosMovieUITests.swift; sourceTree = "<group>"; };
		4D73A66B27FEC1BB0058F0C0 /* LoodosMovieUITestsLaunchTests.swift */ = {isa = PBXFileReference; lastKnownFileType = sourcecode.swift; path = LoodosMovieUITestsLaunchTests.swift; sourceTree = "<group>"; };
		4D73A68327FED0030058F0C0 /* Coordinator.swift */ = {isa = PBXFileReference; lastKnownFileType = sourcecode.swift; path = Coordinator.swift; sourceTree = "<group>"; };
		4D73A68627FED2470058F0C0 /* Router.swift */ = {isa = PBXFileReference; lastKnownFileType = sourcecode.swift; path = Router.swift; sourceTree = "<group>"; };
		4D73A68927FED3260058F0C0 /* BaseNavigationController.swift */ = {isa = PBXFileReference; lastKnownFileType = sourcecode.swift; path = BaseNavigationController.swift; sourceTree = "<group>"; };
		4D73A68B27FF48520058F0C0 /* GoogleService-Info.plist */ = {isa = PBXFileReference; fileEncoding = 4; lastKnownFileType = text.plist.xml; path = "GoogleService-Info.plist"; sourceTree = "<group>"; };
		4D73A68D27FF52DD0058F0C0 /* FirebaseRemoteConfig.swift */ = {isa = PBXFileReference; lastKnownFileType = sourcecode.swift; path = FirebaseRemoteConfig.swift; sourceTree = "<group>"; };
		4DB7FB2527FF581900F18F3F /* ErrorEntity.swift */ = {isa = PBXFileReference; lastKnownFileType = sourcecode.swift; path = ErrorEntity.swift; sourceTree = "<group>"; };
		4DB7FB2727FF5F9800F18F3F /* AppCoordinator.swift */ = {isa = PBXFileReference; lastKnownFileType = sourcecode.swift; path = AppCoordinator.swift; sourceTree = "<group>"; };
		4DB7FB2927FF607600F18F3F /* SplashVC.swift */ = {isa = PBXFileReference; lastKnownFileType = sourcecode.swift; path = SplashVC.swift; sourceTree = "<group>"; };
		4DB7FB2A27FF607600F18F3F /* SplashVC.xib */ = {isa = PBXFileReference; lastKnownFileType = file.xib; path = SplashVC.xib; sourceTree = "<group>"; };
		4DB7FB2E27FF60B400F18F3F /* BaseViewController.swift */ = {isa = PBXFileReference; lastKnownFileType = sourcecode.swift; path = BaseViewController.swift; sourceTree = "<group>"; };
		4DB7FB3127FF61CD00F18F3F /* SplashBuilderImpl.swift */ = {isa = PBXFileReference; lastKnownFileType = sourcecode.swift; path = SplashBuilderImpl.swift; sourceTree = "<group>"; };
		4DB7FB3327FF63E200F18F3F /* SplashVM.swift */ = {isa = PBXFileReference; lastKnownFileType = sourcecode.swift; path = SplashVM.swift; sourceTree = "<group>"; };
		4DB7FB37280048CF00F18F3F /* blackMovieLoading.json */ = {isa = PBXFileReference; fileEncoding = 4; lastKnownFileType = text.json; path = blackMovieLoading.json; sourceTree = "<group>"; };
		4DB7FB38280048CF00F18F3F /* yellowMovie.json */ = {isa = PBXFileReference; fileEncoding = 4; lastKnownFileType = text.json; path = yellowMovie.json; sourceTree = "<group>"; };
		4DB7FB3B2800A82100F18F3F /* movieLoading.json */ = {isa = PBXFileReference; fileEncoding = 4; lastKnownFileType = text.json; path = movieLoading.json; sourceTree = "<group>"; };
		4DB7FB3E2800C27900F18F3F /* UIColor+Ext.swift */ = {isa = PBXFileReference; lastKnownFileType = sourcecode.swift; path = "UIColor+Ext.swift"; sourceTree = "<group>"; };
		4DB7FB402800C5DD00F18F3F /* NSObject+Ext.swift */ = {isa = PBXFileReference; lastKnownFileType = sourcecode.swift; path = "NSObject+Ext.swift"; sourceTree = "<group>"; };
		4DB7FB422800C64000F18F3F /* UIImageView+Ext.swift */ = {isa = PBXFileReference; lastKnownFileType = sourcecode.swift; path = "UIImageView+Ext.swift"; sourceTree = "<group>"; };
		4DB7FB452800C6B800F18F3F /* SplashScreenTransition.swift */ = {isa = PBXFileReference; lastKnownFileType = sourcecode.swift; path = SplashScreenTransition.swift; sourceTree = "<group>"; };
		4DB7FB472800C9E700F18F3F /* MainCoordinator.swift */ = {isa = PBXFileReference; lastKnownFileType = sourcecode.swift; path = MainCoordinator.swift; sourceTree = "<group>"; };
		4DB7FB4A2800CA8800F18F3F /* HomeVC.swift */ = {isa = PBXFileReference; lastKnownFileType = sourcecode.swift; path = HomeVC.swift; sourceTree = "<group>"; };
		4DB7FB4B2800CA8800F18F3F /* HomeVC.xib */ = {isa = PBXFileReference; lastKnownFileType = file.xib; path = HomeVC.xib; sourceTree = "<group>"; };
		4DB7FB512800CAD600F18F3F /* HomeBuilderImpl.swift */ = {isa = PBXFileReference; lastKnownFileType = sourcecode.swift; path = HomeBuilderImpl.swift; sourceTree = "<group>"; };
		4DB7FB532800D50100F18F3F /* FetchMovieService.swift */ = {isa = PBXFileReference; lastKnownFileType = sourcecode.swift; path = FetchMovieService.swift; sourceTree = "<group>"; };
		4DB7FB572800D7D900F18F3F /* ApiManager.swift */ = {isa = PBXFileReference; lastKnownFileType = sourcecode.swift; path = ApiManager.swift; sourceTree = "<group>"; };
		4DB7FB592800DB6C00F18F3F /* MovieItemModel.swift */ = {isa = PBXFileReference; lastKnownFileType = sourcecode.swift; path = MovieItemModel.swift; sourceTree = "<group>"; };
		4DB7FB5B2800DC2900F18F3F /* InputMovieSearchModel.swift */ = {isa = PBXFileReference; lastKnownFileType = sourcecode.swift; path = InputMovieSearchModel.swift; sourceTree = "<group>"; };
		4DB7FB5D2800EEFF00F18F3F /* SearchResponseModel.swift */ = {isa = PBXFileReference; lastKnownFileType = sourcecode.swift; path = SearchResponseModel.swift; sourceTree = "<group>"; };
		4DB7FB5F2800F2B600F18F3F /* HomeVM.swift */ = {isa = PBXFileReference; lastKnownFileType = sourcecode.swift; path = HomeVM.swift; sourceTree = "<group>"; };
		4DB7FB622800F30D00F18F3F /* VMHelper.swift */ = {isa = PBXFileReference; lastKnownFileType = sourcecode.swift; path = VMHelper.swift; sourceTree = "<group>"; };
		4DB7FB662800F4B800F18F3F /* ListMovieUseCaseImpl.swift */ = {isa = PBXFileReference; lastKnownFileType = sourcecode.swift; path = ListMovieUseCaseImpl.swift; sourceTree = "<group>"; };
		5F71CF3970D286C1271B7C48 /* Pods-LoodosMovie.debug.xcconfig */ = {isa = PBXFileReference; includeInIndex = 1; lastKnownFileType = text.xcconfig; name = "Pods-LoodosMovie.debug.xcconfig"; path = "Target Support Files/Pods-LoodosMovie/Pods-LoodosMovie.debug.xcconfig"; sourceTree = "<group>"; };
		62B7AE2FE60036BB71D16DA5 /* Pods-LoodosMovie-LoodosMovieUITests.debug.xcconfig */ = {isa = PBXFileReference; includeInIndex = 1; lastKnownFileType = text.xcconfig; name = "Pods-LoodosMovie-LoodosMovieUITests.debug.xcconfig"; path = "Target Support Files/Pods-LoodosMovie-LoodosMovieUITests/Pods-LoodosMovie-LoodosMovieUITests.debug.xcconfig"; sourceTree = "<group>"; };
		B0EE9DCBF72CB60219C0CACD /* Pods-LoodosMovie-LoodosMovieUITests.release.xcconfig */ = {isa = PBXFileReference; includeInIndex = 1; lastKnownFileType = text.xcconfig; name = "Pods-LoodosMovie-LoodosMovieUITests.release.xcconfig"; path = "Target Support Files/Pods-LoodosMovie-LoodosMovieUITests/Pods-LoodosMovie-LoodosMovieUITests.release.xcconfig"; sourceTree = "<group>"; };
		C8A9BDFE3D4CD2901E6BD819 /* Pods_LoodosMovie.framework */ = {isa = PBXFileReference; explicitFileType = wrapper.framework; includeInIndex = 0; path = Pods_LoodosMovie.framework; sourceTree = BUILT_PRODUCTS_DIR; };
		CC870961F2CBF26334A2931D /* Pods-LoodosMovieTests.debug.xcconfig */ = {isa = PBXFileReference; includeInIndex = 1; lastKnownFileType = text.xcconfig; name = "Pods-LoodosMovieTests.debug.xcconfig"; path = "Target Support Files/Pods-LoodosMovieTests/Pods-LoodosMovieTests.debug.xcconfig"; sourceTree = "<group>"; };
		E1064211454CA78535A37B07 /* Pods_LoodosMovieTests.framework */ = {isa = PBXFileReference; explicitFileType = wrapper.framework; includeInIndex = 0; path = Pods_LoodosMovieTests.framework; sourceTree = BUILT_PRODUCTS_DIR; };
		F9C8401A827BDF5428181D9C /* Pods-LoodosMovie.release.xcconfig */ = {isa = PBXFileReference; includeInIndex = 1; lastKnownFileType = text.xcconfig; name = "Pods-LoodosMovie.release.xcconfig"; path = "Target Support Files/Pods-LoodosMovie/Pods-LoodosMovie.release.xcconfig"; sourceTree = "<group>"; };
/* End PBXFileReference section */

/* Begin PBXFrameworksBuildPhase section */
		4D73A64227FEC1B90058F0C0 /* Frameworks */ = {
			isa = PBXFrameworksBuildPhase;
			buildActionMask = 2147483647;
			files = (
				110169F322CCFCF22B568568 /* Pods_LoodosMovie.framework in Frameworks */,
			);
			runOnlyForDeploymentPostprocessing = 0;
		};
		4D73A65827FEC1BB0058F0C0 /* Frameworks */ = {
			isa = PBXFrameworksBuildPhase;
			buildActionMask = 2147483647;
			files = (
				2096E67432C4E21AF699AE14 /* Pods_LoodosMovieTests.framework in Frameworks */,
			);
			runOnlyForDeploymentPostprocessing = 0;
		};
		4D73A66227FEC1BB0058F0C0 /* Frameworks */ = {
			isa = PBXFrameworksBuildPhase;
			buildActionMask = 2147483647;
			files = (
				8FBC21D63CE545988DEE8859 /* Pods_LoodosMovie_LoodosMovieUITests.framework in Frameworks */,
			);
			runOnlyForDeploymentPostprocessing = 0;
		};
/* End PBXFrameworksBuildPhase section */

/* Begin PBXGroup section */
		4D569FD328018C1A0019D709 /* CollectionViewCell */ = {
			isa = PBXGroup;
			children = (
				4D569FD428018C810019D709 /* MovieItemCell.swift */,
				4D569FD528018C810019D709 /* MovieItemCell.xib */,
				4D569FEB280209890019D709 /* LoadingCell.swift */,
				4D569FEC280209890019D709 /* LoadingCell.xib */,
			);
			path = CollectionViewCell;
			sourceTree = "<group>";
		};
		4D569FDA2801E2DF0019D709 /* CustomViews */ = {
			isa = PBXGroup;
			children = (
				4D569FF5280214BD0019D709 /* Toast */,
				4D569FE4280203180019D709 /* IMDBRating */,
				4D569FDB2801E2E70019D709 /* SearchBar */,
			);
			path = CustomViews;
			sourceTree = "<group>";
		};
		4D569FDB2801E2E70019D709 /* SearchBar */ = {
			isa = PBXGroup;
			children = (
				4D569FDC2801E5270019D709 /* SearchBar.swift */,
				4D569FDE2801E5390019D709 /* SearchBar.xib */,
			);
			path = SearchBar;
			sourceTree = "<group>";
		};
		4D569FE4280203180019D709 /* IMDBRating */ = {
			isa = PBXGroup;
			children = (
				4D569FE5280203350019D709 /* ImdbRatingView.swift */,
				4D569FE7280203430019D709 /* ImdbRatingView.xib */,
			);
			path = IMDBRating;
			sourceTree = "<group>";
		};
		4D569FF5280214BD0019D709 /* Toast */ = {
			isa = PBXGroup;
			children = (
				4D569FEF280213EA0019D709 /* ToastMessage.swift */,
				4D569FF1280213EB0019D709 /* ToastMessageBarView.swift */,
				4D569FF0280213EB0019D709 /* ToastMessageBarView.xib */,
			);
			path = Toast;
			sourceTree = "<group>";
		};
		4D569FF828021AE50019D709 /* Detail */ = {
			isa = PBXGroup;
			children = (
				4D56A00128021F7A0019D709 /* MovieDetailsVM.swift */,
				4D569FFD28021F6C0019D709 /* MovieDetailsVC.swift */,
				4D569FFE28021F6C0019D709 /* MovieDetailsVC.xib */,
			);
			path = Detail;
			sourceTree = "<group>";
		};
		4D56A0032802219F0019D709 /* Details */ = {
			isa = PBXGroup;
			children = (
				4D56A004280221B00019D709 /* MovieDetailsBuilderImpl.swift */,
			);
			path = Details;
			sourceTree = "<group>";
		};
		4D56A00A28022EA00019D709 /* TableViewCell */ = {
			isa = PBXGroup;
			children = (
				4D56A017280325850019D709 /* DetailCells */,
				4D56A01C280331820019D709 /* TableViewLoadingCell.swift */,
				4D56A01D280331820019D709 /* TableViewLoadingCell.xib */,
			);
			path = TableViewCell;
			sourceTree = "<group>";
		};
		4D56A00B28022FB20019D709 /* DetailHeader */ = {
			isa = PBXGroup;
			children = (
				4D56A00C28022FE50019D709 /* StretchyTableHeaderView.xib */,
				4D56A00E280230120019D709 /* StretchyTableHeaderView.swift */,
			);
			path = DetailHeader;
			sourceTree = "<group>";
		};
		4D56A017280325850019D709 /* DetailCells */ = {
			isa = PBXGroup;
			children = (
				4D56A00B28022FB20019D709 /* DetailHeader */,
				4D56A018280325C20019D709 /* DetailCommonInfoCell.swift */,
				4D56A019280325C20019D709 /* DetailCommonInfoCell.xib */,
			);
			path = DetailCells;
			sourceTree = "<group>";
		};
		4D56A020280336480019D709 /* Analytics */ = {
			isa = PBXGroup;
			children = (
				4D56A021280336640019D709 /* AnalyticsManager.swift */,
				4D56A02528033D460019D709 /* DetailModelMapper.swift */,
			);
			path = Analytics;
			sourceTree = "<group>";
		};
		4D56A02B280428470019D709 /* InternetConnection */ = {
			isa = PBXGroup;
			children = (
				4D56A02E280428860019D709 /* NoInternetConnectionVC.swift */,
				4D56A02F280428860019D709 /* NoInternetConnectionVC.xib */,
			);
			path = InternetConnection;
			sourceTree = "<group>";
		};
		4D73A63C27FEC1B90058F0C0 = {
			isa = PBXGroup;
			children = (
				4D73A64727FEC1B90058F0C0 /* LoodosMovie */,
				4D73A65E27FEC1BB0058F0C0 /* LoodosMovieTests */,
				4D73A66827FEC1BB0058F0C0 /* LoodosMovieUITests */,
				4D73A64627FEC1B90058F0C0 /* Products */,
				C26B7F1BB044B6C84AB50F24 /* Pods */,
				6308383E5012E23A0D06FA1D /* Frameworks */,
			);
			sourceTree = "<group>";
		};
		4D73A64627FEC1B90058F0C0 /* Products */ = {
			isa = PBXGroup;
			children = (
				4D73A64527FEC1B90058F0C0 /* LoodosMovie.app */,
				4D73A65B27FEC1BB0058F0C0 /* LoodosMovieTests.xctest */,
				4D73A66527FEC1BB0058F0C0 /* LoodosMovieUITests.xctest */,
			);
			name = Products;
			sourceTree = "<group>";
		};
		4D73A64727FEC1B90058F0C0 /* LoodosMovie */ = {
			isa = PBXGroup;
			children = (
				4D56A020280336480019D709 /* Analytics */,
				4DB7FB3527FF86EF00F18F3F /* Assets */,
				4D73A67827FEC2D50058F0C0 /* Coordinators */,
				4D73A67927FEC2E00058F0C0 /* Layers */,
				4D73A67B27FEC3130058F0C0 /* Views */,
				4D73A67A27FEC2FF0058F0C0 /* Utilities */,
				4D73A64827FEC1B90058F0C0 /* AppDelegate.swift */,
				4D73A65127FEC1BB0058F0C0 /* Assets.xcassets */,
				4D73A65327FEC1BB0058F0C0 /* LaunchScreen.storyboard */,
				4D73A68B27FF48520058F0C0 /* GoogleService-Info.plist */,
				4D73A65627FEC1BB0058F0C0 /* Info.plist */,
			);
			path = LoodosMovie;
			sourceTree = "<group>";
		};
		4D73A65E27FEC1BB0058F0C0 /* LoodosMovieTests */ = {
			isa = PBXGroup;
			children = (
				4D73A65F27FEC1BB0058F0C0 /* LoodosMovieTests.swift */,
			);
			path = LoodosMovieTests;
			sourceTree = "<group>";
		};
		4D73A66827FEC1BB0058F0C0 /* LoodosMovieUITests */ = {
			isa = PBXGroup;
			children = (
				4D73A66927FEC1BB0058F0C0 /* LoodosMovieUITests.swift */,
				4D73A66B27FEC1BB0058F0C0 /* LoodosMovieUITestsLaunchTests.swift */,
			);
			path = LoodosMovieUITests;
			sourceTree = "<group>";
		};
		4D73A67827FEC2D50058F0C0 /* Coordinators */ = {
			isa = PBXGroup;
			children = (
				4D73A68527FED23B0058F0C0 /* Router */,
				4D73A68327FED0030058F0C0 /* Coordinator.swift */,
				4DB7FB2727FF5F9800F18F3F /* AppCoordinator.swift */,
				4DB7FB472800C9E700F18F3F /* MainCoordinator.swift */,
			);
			path = Coordinators;
			sourceTree = "<group>";
		};
		4D73A67927FEC2E00058F0C0 /* Layers */ = {
			isa = PBXGroup;
			children = (
				4D73A67F27FEC3690058F0C0 /* Domain */,
				4D73A67C27FEC34E0058F0C0 /* Builders */,
				4D73A67D27FEC3560058F0C0 /* Presentation */,
				4D73A67E27FEC35E0058F0C0 /* Data */,
				4D73A68027FEC37C0058F0C0 /* Remote */,
			);
			path = Layers;
			sourceTree = "<group>";
		};
		4D73A67A27FEC2FF0058F0C0 /* Utilities */ = {
			isa = PBXGroup;
			children = (
				4DB7FB442800C6AE00F18F3F /* Lib */,
				4DB7FB3D2800C26200F18F3F /* Extensions */,
				4D73A68827FED2CD0058F0C0 /* Base */,
			);
			path = Utilities;
			sourceTree = "<group>";
		};
		4D73A67B27FEC3130058F0C0 /* Views */ = {
			isa = PBXGroup;
			children = (
				4D569FDA2801E2DF0019D709 /* CustomViews */,
				4D56A00A28022EA00019D709 /* TableViewCell */,
				4D569FD328018C1A0019D709 /* CollectionViewCell */,
			);
			path = Views;
			sourceTree = "<group>";
		};
		4D73A67C27FEC34E0058F0C0 /* Builders */ = {
			isa = PBXGroup;
			children = (
				4D56A0032802219F0019D709 /* Details */,
				4DB7FB4E2800CABD00F18F3F /* Home */,
				4DB7FB3027FF61BF00F18F3F /* Splash */,
			);
			path = Builders;
			sourceTree = "<group>";
		};
		4D73A67D27FEC3560058F0C0 /* Presentation */ = {
			isa = PBXGroup;
			children = (
				4D56A02B280428470019D709 /* InternetConnection */,
				4DB7FB612800F2FA00F18F3F /* VMHelper */,
				4DB7FB2D27FF607900F18F3F /* Splash */,
				4DB7FB492800CA6F00F18F3F /* Home */,
				4D569FF828021AE50019D709 /* Detail */,
			);
			path = Presentation;
			sourceTree = "<group>";
		};
		4D73A67E27FEC35E0058F0C0 /* Data */ = {
			isa = PBXGroup;
			children = (
				4D73A68227FEC39B0058F0C0 /* OutputEntities */,
				4D73A68127FEC3930058F0C0 /* InputEntities */,
				4DB7FB2527FF581900F18F3F /* ErrorEntity.swift */,
			);
			path = Data;
			sourceTree = "<group>";
		};
		4D73A67F27FEC3690058F0C0 /* Domain */ = {
			isa = PBXGroup;
			children = (
				4DB7FB642800F3CF00F18F3F /* UseCase */,
			);
			path = Domain;
			sourceTree = "<group>";
		};
		4D73A68027FEC37C0058F0C0 /* Remote */ = {
			isa = PBXGroup;
			children = (
				4D56A02928041F1D0019D709 /* NetworkManager.swift */,
				4DB7FB572800D7D900F18F3F /* ApiManager.swift */,
				4D73A68D27FF52DD0058F0C0 /* FirebaseRemoteConfig.swift */,
				4DB7FB682800F66200F18F3F /* Services */,
			);
			path = Remote;
			sourceTree = "<group>";
		};
		4D73A68127FEC3930058F0C0 /* InputEntities */ = {
			isa = PBXGroup;
			children = (
				4DB7FB5B2800DC2900F18F3F /* InputMovieSearchModel.swift */,
				4D569FE9280208890019D709 /* InputMovieDetailModel.swift */,
			);
			path = InputEntities;
			sourceTree = "<group>";
		};
		4D73A68227FEC39B0058F0C0 /* OutputEntities */ = {
			isa = PBXGroup;
			children = (
				4DB7FB5D2800EEFF00F18F3F /* SearchResponseModel.swift */,
				4D569FFB28021CD60019D709 /* MovieBaseInfo.swift */,
				4DB7FB592800DB6C00F18F3F /* MovieItemModel.swift */,
				4D569FF928021C990019D709 /* MovieDetails.swift */,
				4D569FD828019CC80019D709 /* MovieRatings.swift */,
				4D56A02728033E0A0019D709 /* MovieDetailAnalyticsModel.swift */,
			);
			path = OutputEntities;
			sourceTree = "<group>";
		};
		4D73A68527FED23B0058F0C0 /* Router */ = {
			isa = PBXGroup;
			children = (
				4D73A68627FED2470058F0C0 /* Router.swift */,
			);
			path = Router;
			sourceTree = "<group>";
		};
		4D73A68827FED2CD0058F0C0 /* Base */ = {
			isa = PBXGroup;
			children = (
				4D73A68927FED3260058F0C0 /* BaseNavigationController.swift */,
				4DB7FB2E27FF60B400F18F3F /* BaseViewController.swift */,
			);
			path = Base;
			sourceTree = "<group>";
		};
		4DB7FB2D27FF607900F18F3F /* Splash */ = {
			isa = PBXGroup;
			children = (
				4DB7FB3327FF63E200F18F3F /* SplashVM.swift */,
				4DB7FB2927FF607600F18F3F /* SplashVC.swift */,
				4DB7FB2A27FF607600F18F3F /* SplashVC.xib */,
			);
			path = Splash;
			sourceTree = "<group>";
		};
		4DB7FB3027FF61BF00F18F3F /* Splash */ = {
			isa = PBXGroup;
			children = (
				4DB7FB3127FF61CD00F18F3F /* SplashBuilderImpl.swift */,
			);
			path = Splash;
			sourceTree = "<group>";
		};
		4DB7FB3527FF86EF00F18F3F /* Assets */ = {
			isa = PBXGroup;
			children = (
				4DB7FB3627FF86F400F18F3F /* Animation */,
			);
			path = Assets;
			sourceTree = "<group>";
		};
		4DB7FB3627FF86F400F18F3F /* Animation */ = {
			isa = PBXGroup;
			children = (
				4D56A032280429630019D709 /* notConnection.json */,
				4DB7FB37280048CF00F18F3F /* blackMovieLoading.json */,
				4DB7FB38280048CF00F18F3F /* yellowMovie.json */,
				4DB7FB3B2800A82100F18F3F /* movieLoading.json */,
			);
			path = Animation;
			sourceTree = "<group>";
		};
		4DB7FB3D2800C26200F18F3F /* Extensions */ = {
			isa = PBXGroup;
			children = (
				4DB7FB3E2800C27900F18F3F /* UIColor+Ext.swift */,
				4DB7FB402800C5DD00F18F3F /* NSObject+Ext.swift */,
				4DB7FB422800C64000F18F3F /* UIImageView+Ext.swift */,
				4D569FD1280189F60019D709 /* Collection+Ext.swift */,
				4D569FE02801E5890019D709 /* UIView+Ext.swift */,
				4D569FE22801EFCA0019D709 /* UIApplication+Ext.swift */,
				4D569FF6280216090019D709 /* CALayer+Ext.swift */,
				4D56A010280232CA0019D709 /* UITableViewController+Ext.swift */,
			);
			path = Extensions;
			sourceTree = "<group>";
		};
		4DB7FB442800C6AE00F18F3F /* Lib */ = {
			isa = PBXGroup;
			children = (
				4DB7FB452800C6B800F18F3F /* SplashScreenTransition.swift */,
				4D56A02328033D220019D709 /* DictionarySerialization.swift */,
			);
			path = Lib;
			sourceTree = "<group>";
		};
		4DB7FB492800CA6F00F18F3F /* Home */ = {
			isa = PBXGroup;
			children = (
				4DB7FB5F2800F2B600F18F3F /* HomeVM.swift */,
				4DB7FB4A2800CA8800F18F3F /* HomeVC.swift */,
				4DB7FB4B2800CA8800F18F3F /* HomeVC.xib */,
			);
			path = Home;
			sourceTree = "<group>";
		};
		4DB7FB4E2800CABD00F18F3F /* Home */ = {
			isa = PBXGroup;
			children = (
				4DB7FB512800CAD600F18F3F /* HomeBuilderImpl.swift */,
			);
			path = Home;
			sourceTree = "<group>";
		};
		4DB7FB612800F2FA00F18F3F /* VMHelper */ = {
			isa = PBXGroup;
			children = (
				4DB7FB622800F30D00F18F3F /* VMHelper.swift */,
			);
			path = VMHelper;
			sourceTree = "<group>";
		};
		4DB7FB642800F3CF00F18F3F /* UseCase */ = {
			isa = PBXGroup;
			children = (
				4DB7FB662800F4B800F18F3F /* ListMovieUseCaseImpl.swift */,
				4D56A0062802223F0019D709 /* DetailMovieUseCaseImpl.swift */,
			);
			path = UseCase;
			sourceTree = "<group>";
		};
		4DB7FB682800F66200F18F3F /* Services */ = {
			isa = PBXGroup;
			children = (
				4DB7FB532800D50100F18F3F /* FetchMovieService.swift */,
				4D56A008280222600019D709 /* FetchMovieDetailsService.swift */,
			);
			path = Services;
			sourceTree = "<group>";
		};
		6308383E5012E23A0D06FA1D /* Frameworks */ = {
			isa = PBXGroup;
			children = (
				C8A9BDFE3D4CD2901E6BD819 /* Pods_LoodosMovie.framework */,
				370E0C0D91799DB40FDF35B9 /* Pods_LoodosMovie_LoodosMovieUITests.framework */,
				E1064211454CA78535A37B07 /* Pods_LoodosMovieTests.framework */,
			);
			name = Frameworks;
			sourceTree = "<group>";
		};
		C26B7F1BB044B6C84AB50F24 /* Pods */ = {
			isa = PBXGroup;
			children = (
				5F71CF3970D286C1271B7C48 /* Pods-LoodosMovie.debug.xcconfig */,
				F9C8401A827BDF5428181D9C /* Pods-LoodosMovie.release.xcconfig */,
				62B7AE2FE60036BB71D16DA5 /* Pods-LoodosMovie-LoodosMovieUITests.debug.xcconfig */,
				B0EE9DCBF72CB60219C0CACD /* Pods-LoodosMovie-LoodosMovieUITests.release.xcconfig */,
				CC870961F2CBF26334A2931D /* Pods-LoodosMovieTests.debug.xcconfig */,
				0CF6931231AC7B8BE21A7E3E /* Pods-LoodosMovieTests.release.xcconfig */,
			);
			path = Pods;
			sourceTree = "<group>";
		};
/* End PBXGroup section */

/* Begin PBXNativeTarget section */
		4D73A64427FEC1B90058F0C0 /* LoodosMovie */ = {
			isa = PBXNativeTarget;
			buildConfigurationList = 4D73A66F27FEC1BB0058F0C0 /* Build configuration list for PBXNativeTarget "LoodosMovie" */;
			buildPhases = (
				FC5FA4ABC5862BC4B65FB118 /* [CP] Check Pods Manifest.lock */,
				4D73A64127FEC1B90058F0C0 /* Sources */,
				4D73A64227FEC1B90058F0C0 /* Frameworks */,
				4D73A64327FEC1B90058F0C0 /* Resources */,
				9EB35875DF113ADE42231994 /* [CP] Embed Pods Frameworks */,
			);
			buildRules = (
			);
			dependencies = (
			);
			name = LoodosMovie;
			productName = LoodosMovie;
			productReference = 4D73A64527FEC1B90058F0C0 /* LoodosMovie.app */;
			productType = "com.apple.product-type.application";
		};
		4D73A65A27FEC1BB0058F0C0 /* LoodosMovieTests */ = {
			isa = PBXNativeTarget;
			buildConfigurationList = 4D73A67227FEC1BB0058F0C0 /* Build configuration list for PBXNativeTarget "LoodosMovieTests" */;
			buildPhases = (
				B1879C3170E9409186AFCC42 /* [CP] Check Pods Manifest.lock */,
				4D73A65727FEC1BB0058F0C0 /* Sources */,
				4D73A65827FEC1BB0058F0C0 /* Frameworks */,
				4D73A65927FEC1BB0058F0C0 /* Resources */,
			);
			buildRules = (
			);
			dependencies = (
				4D73A65D27FEC1BB0058F0C0 /* PBXTargetDependency */,
			);
			name = LoodosMovieTests;
			productName = LoodosMovieTests;
			productReference = 4D73A65B27FEC1BB0058F0C0 /* LoodosMovieTests.xctest */;
			productType = "com.apple.product-type.bundle.unit-test";
		};
		4D73A66427FEC1BB0058F0C0 /* LoodosMovieUITests */ = {
			isa = PBXNativeTarget;
			buildConfigurationList = 4D73A67527FEC1BB0058F0C0 /* Build configuration list for PBXNativeTarget "LoodosMovieUITests" */;
			buildPhases = (
				C8E4FD79BEB3ABAD83C44E65 /* [CP] Check Pods Manifest.lock */,
				4D73A66127FEC1BB0058F0C0 /* Sources */,
				4D73A66227FEC1BB0058F0C0 /* Frameworks */,
				4D73A66327FEC1BB0058F0C0 /* Resources */,
				D7403FBBD107DEF06CCDE730 /* [CP] Embed Pods Frameworks */,
			);
			buildRules = (
			);
			dependencies = (
				4D73A66727FEC1BB0058F0C0 /* PBXTargetDependency */,
			);
			name = LoodosMovieUITests;
			productName = LoodosMovieUITests;
			productReference = 4D73A66527FEC1BB0058F0C0 /* LoodosMovieUITests.xctest */;
			productType = "com.apple.product-type.bundle.ui-testing";
		};
/* End PBXNativeTarget section */

/* Begin PBXProject section */
		4D73A63D27FEC1B90058F0C0 /* Project object */ = {
			isa = PBXProject;
			attributes = {
				BuildIndependentTargetsInParallel = 1;
				LastSwiftUpdateCheck = 1330;
				LastUpgradeCheck = 1330;
				TargetAttributes = {
					4D73A64427FEC1B90058F0C0 = {
						CreatedOnToolsVersion = 13.3;
					};
					4D73A65A27FEC1BB0058F0C0 = {
						CreatedOnToolsVersion = 13.3;
						TestTargetID = 4D73A64427FEC1B90058F0C0;
					};
					4D73A66427FEC1BB0058F0C0 = {
						CreatedOnToolsVersion = 13.3;
						TestTargetID = 4D73A64427FEC1B90058F0C0;
					};
				};
			};
			buildConfigurationList = 4D73A64027FEC1B90058F0C0 /* Build configuration list for PBXProject "LoodosMovie" */;
			compatibilityVersion = "Xcode 13.0";
			developmentRegion = en;
			hasScannedForEncodings = 0;
			knownRegions = (
				en,
				Base,
			);
			mainGroup = 4D73A63C27FEC1B90058F0C0;
			productRefGroup = 4D73A64627FEC1B90058F0C0 /* Products */;
			projectDirPath = "";
			projectRoot = "";
			targets = (
				4D73A64427FEC1B90058F0C0 /* LoodosMovie */,
				4D73A65A27FEC1BB0058F0C0 /* LoodosMovieTests */,
				4D73A66427FEC1BB0058F0C0 /* LoodosMovieUITests */,
			);
		};
/* End PBXProject section */

/* Begin PBXResourcesBuildPhase section */
		4D73A64327FEC1B90058F0C0 /* Resources */ = {
			isa = PBXResourcesBuildPhase;
			buildActionMask = 2147483647;
			files = (
				4D73A65527FEC1BB0058F0C0 /* LaunchScreen.storyboard in Resources */,
				4D569FEE280209890019D709 /* LoadingCell.xib in Resources */,
				4DB7FB39280048CF00F18F3F /* blackMovieLoading.json in Resources */,
				4D56A031280428860019D709 /* NoInternetConnectionVC.xib in Resources */,
				4D56A01B280325C20019D709 /* DetailCommonInfoCell.xib in Resources */,
				4D73A68C27FF48520058F0C0 /* GoogleService-Info.plist in Resources */,
				4D569FD728018C810019D709 /* MovieItemCell.xib in Resources */,
				4DB7FB2C27FF607600F18F3F /* SplashVC.xib in Resources */,
				4DB7FB4D2800CA8800F18F3F /* HomeVC.xib in Resources */,
				4DB7FB3A280048CF00F18F3F /* yellowMovie.json in Resources */,
				4D56A00028021F6C0019D709 /* MovieDetailsVC.xib in Resources */,
				4D569FE8280203430019D709 /* ImdbRatingView.xib in Resources */,
				4D73A65227FEC1BB0058F0C0 /* Assets.xcassets in Resources */,
				4DB7FB3C2800A82100F18F3F /* movieLoading.json in Resources */,
				4D56A033280429630019D709 /* notConnection.json in Resources */,
				4D569FF3280213EB0019D709 /* ToastMessageBarView.xib in Resources */,
				4D56A00D28022FE50019D709 /* StretchyTableHeaderView.xib in Resources */,
				4D56A01F280331820019D709 /* TableViewLoadingCell.xib in Resources */,
				4D569FDF2801E5390019D709 /* SearchBar.xib in Resources */,
			);
			runOnlyForDeploymentPostprocessing = 0;
		};
		4D73A65927FEC1BB0058F0C0 /* Resources */ = {
			isa = PBXResourcesBuildPhase;
			buildActionMask = 2147483647;
			files = (
			);
			runOnlyForDeploymentPostprocessing = 0;
		};
		4D73A66327FEC1BB0058F0C0 /* Resources */ = {
			isa = PBXResourcesBuildPhase;
			buildActionMask = 2147483647;
			files = (
			);
			runOnlyForDeploymentPostprocessing = 0;
		};
/* End PBXResourcesBuildPhase section */

/* Begin PBXShellScriptBuildPhase section */
		9EB35875DF113ADE42231994 /* [CP] Embed Pods Frameworks */ = {
			isa = PBXShellScriptBuildPhase;
			buildActionMask = 2147483647;
			files = (
			);
			inputFileListPaths = (
				"${PODS_ROOT}/Target Support Files/Pods-LoodosMovie/Pods-LoodosMovie-frameworks-${CONFIGURATION}-input-files.xcfilelist",
			);
			name = "[CP] Embed Pods Frameworks";
			outputFileListPaths = (
				"${PODS_ROOT}/Target Support Files/Pods-LoodosMovie/Pods-LoodosMovie-frameworks-${CONFIGURATION}-output-files.xcfilelist",
			);
			runOnlyForDeploymentPostprocessing = 0;
			shellPath = /bin/sh;
			shellScript = "\"${PODS_ROOT}/Target Support Files/Pods-LoodosMovie/Pods-LoodosMovie-frameworks.sh\"\n";
			showEnvVarsInLog = 0;
		};
		B1879C3170E9409186AFCC42 /* [CP] Check Pods Manifest.lock */ = {
			isa = PBXShellScriptBuildPhase;
			buildActionMask = 2147483647;
			files = (
			);
			inputFileListPaths = (
			);
			inputPaths = (
				"${PODS_PODFILE_DIR_PATH}/Podfile.lock",
				"${PODS_ROOT}/Manifest.lock",
			);
			name = "[CP] Check Pods Manifest.lock";
			outputFileListPaths = (
			);
			outputPaths = (
				"$(DERIVED_FILE_DIR)/Pods-LoodosMovieTests-checkManifestLockResult.txt",
			);
			runOnlyForDeploymentPostprocessing = 0;
			shellPath = /bin/sh;
			shellScript = "diff \"${PODS_PODFILE_DIR_PATH}/Podfile.lock\" \"${PODS_ROOT}/Manifest.lock\" > /dev/null\nif [ $? != 0 ] ; then\n    # print error to STDERR\n    echo \"error: The sandbox is not in sync with the Podfile.lock. Run 'pod install' or update your CocoaPods installation.\" >&2\n    exit 1\nfi\n# This output is used by Xcode 'outputs' to avoid re-running this script phase.\necho \"SUCCESS\" > \"${SCRIPT_OUTPUT_FILE_0}\"\n";
			showEnvVarsInLog = 0;
		};
		C8E4FD79BEB3ABAD83C44E65 /* [CP] Check Pods Manifest.lock */ = {
			isa = PBXShellScriptBuildPhase;
			buildActionMask = 2147483647;
			files = (
			);
			inputFileListPaths = (
			);
			inputPaths = (
				"${PODS_PODFILE_DIR_PATH}/Podfile.lock",
				"${PODS_ROOT}/Manifest.lock",
			);
			name = "[CP] Check Pods Manifest.lock";
			outputFileListPaths = (
			);
			outputPaths = (
				"$(DERIVED_FILE_DIR)/Pods-LoodosMovie-LoodosMovieUITests-checkManifestLockResult.txt",
			);
			runOnlyForDeploymentPostprocessing = 0;
			shellPath = /bin/sh;
			shellScript = "diff \"${PODS_PODFILE_DIR_PATH}/Podfile.lock\" \"${PODS_ROOT}/Manifest.lock\" > /dev/null\nif [ $? != 0 ] ; then\n    # print error to STDERR\n    echo \"error: The sandbox is not in sync with the Podfile.lock. Run 'pod install' or update your CocoaPods installation.\" >&2\n    exit 1\nfi\n# This output is used by Xcode 'outputs' to avoid re-running this script phase.\necho \"SUCCESS\" > \"${SCRIPT_OUTPUT_FILE_0}\"\n";
			showEnvVarsInLog = 0;
		};
		D7403FBBD107DEF06CCDE730 /* [CP] Embed Pods Frameworks */ = {
			isa = PBXShellScriptBuildPhase;
			buildActionMask = 2147483647;
			files = (
			);
			inputFileListPaths = (
				"${PODS_ROOT}/Target Support Files/Pods-LoodosMovie-LoodosMovieUITests/Pods-LoodosMovie-LoodosMovieUITests-frameworks-${CONFIGURATION}-input-files.xcfilelist",
			);
			name = "[CP] Embed Pods Frameworks";
			outputFileListPaths = (
				"${PODS_ROOT}/Target Support Files/Pods-LoodosMovie-LoodosMovieUITests/Pods-LoodosMovie-LoodosMovieUITests-frameworks-${CONFIGURATION}-output-files.xcfilelist",
			);
			runOnlyForDeploymentPostprocessing = 0;
			shellPath = /bin/sh;
			shellScript = "\"${PODS_ROOT}/Target Support Files/Pods-LoodosMovie-LoodosMovieUITests/Pods-LoodosMovie-LoodosMovieUITests-frameworks.sh\"\n";
			showEnvVarsInLog = 0;
		};
		FC5FA4ABC5862BC4B65FB118 /* [CP] Check Pods Manifest.lock */ = {
			isa = PBXShellScriptBuildPhase;
			buildActionMask = 2147483647;
			files = (
			);
			inputFileListPaths = (
			);
			inputPaths = (
				"${PODS_PODFILE_DIR_PATH}/Podfile.lock",
				"${PODS_ROOT}/Manifest.lock",
			);
			name = "[CP] Check Pods Manifest.lock";
			outputFileListPaths = (
			);
			outputPaths = (
				"$(DERIVED_FILE_DIR)/Pods-LoodosMovie-checkManifestLockResult.txt",
			);
			runOnlyForDeploymentPostprocessing = 0;
			shellPath = /bin/sh;
			shellScript = "diff \"${PODS_PODFILE_DIR_PATH}/Podfile.lock\" \"${PODS_ROOT}/Manifest.lock\" > /dev/null\nif [ $? != 0 ] ; then\n    # print error to STDERR\n    echo \"error: The sandbox is not in sync with the Podfile.lock. Run 'pod install' or update your CocoaPods installation.\" >&2\n    exit 1\nfi\n# This output is used by Xcode 'outputs' to avoid re-running this script phase.\necho \"SUCCESS\" > \"${SCRIPT_OUTPUT_FILE_0}\"\n";
			showEnvVarsInLog = 0;
		};
/* End PBXShellScriptBuildPhase section */

/* Begin PBXSourcesBuildPhase section */
		4D73A64127FEC1B90058F0C0 /* Sources */ = {
			isa = PBXSourcesBuildPhase;
			buildActionMask = 2147483647;
			files = (
				4D569FE12801E5890019D709 /* UIView+Ext.swift in Sources */,
				4DB7FB672800F4B800F18F3F /* ListMovieUseCaseImpl.swift in Sources */,
				4D569FD928019CC80019D709 /* MovieRatings.swift in Sources */,
				4D569FFA28021C990019D709 /* MovieDetails.swift in Sources */,
				4D56A009280222600019D709 /* FetchMovieDetailsService.swift in Sources */,
				4DB7FB482800C9E700F18F3F /* MainCoordinator.swift in Sources */,
				4DB7FB2627FF581900F18F3F /* ErrorEntity.swift in Sources */,
				4D569FD628018C810019D709 /* MovieItemCell.swift in Sources */,
				4D56A02428033D220019D709 /* DictionarySerialization.swift in Sources */,
				4D569FED280209890019D709 /* LoadingCell.swift in Sources */,
				4D56A0072802223F0019D709 /* DetailMovieUseCaseImpl.swift in Sources */,
				4D73A68727FED2470058F0C0 /* Router.swift in Sources */,
				4D569FDD2801E5270019D709 /* SearchBar.swift in Sources */,
				4D56A00F280230120019D709 /* StretchyTableHeaderView.swift in Sources */,
				4D569FF7280216090019D709 /* CALayer+Ext.swift in Sources */,
				4DB7FB4C2800CA8800F18F3F /* HomeVC.swift in Sources */,
				4D569FF2280213EB0019D709 /* ToastMessage.swift in Sources */,
				4D569FE32801EFCA0019D709 /* UIApplication+Ext.swift in Sources */,
				4D56A01E280331820019D709 /* TableViewLoadingCell.swift in Sources */,
				4DB7FB3227FF61CD00F18F3F /* SplashBuilderImpl.swift in Sources */,
				4DB7FB522800CAD600F18F3F /* HomeBuilderImpl.swift in Sources */,
				4D56A030280428860019D709 /* NoInternetConnectionVC.swift in Sources */,
				4DB7FB5A2800DB6C00F18F3F /* MovieItemModel.swift in Sources */,
				4DB7FB632800F30D00F18F3F /* VMHelper.swift in Sources */,
				4D569FE6280203350019D709 /* ImdbRatingView.swift in Sources */,
				4D569FFC28021CD60019D709 /* MovieBaseInfo.swift in Sources */,
				4D56A01A280325C20019D709 /* DetailCommonInfoCell.swift in Sources */,
				4D56A005280221B00019D709 /* MovieDetailsBuilderImpl.swift in Sources */,
				4D73A68E27FF52DD0058F0C0 /* FirebaseRemoteConfig.swift in Sources */,
				4DB7FB582800D7D900F18F3F /* ApiManager.swift in Sources */,
				4D56A02828033E0A0019D709 /* MovieDetailAnalyticsModel.swift in Sources */,
				4D56A011280232CA0019D709 /* UITableViewController+Ext.swift in Sources */,
				4DB7FB2827FF5F9800F18F3F /* AppCoordinator.swift in Sources */,
				4DB7FB432800C64000F18F3F /* UIImageView+Ext.swift in Sources */,
				4DB7FB3F2800C27900F18F3F /* UIColor+Ext.swift in Sources */,
				4D569FFF28021F6C0019D709 /* MovieDetailsVC.swift in Sources */,
				4DB7FB2F27FF60B400F18F3F /* BaseViewController.swift in Sources */,
				4D56A02A28041F1D0019D709 /* NetworkManager.swift in Sources */,
				4D569FF4280213EB0019D709 /* ToastMessageBarView.swift in Sources */,
				4D73A64927FEC1B90058F0C0 /* AppDelegate.swift in Sources */,
				4DB7FB542800D50100F18F3F /* FetchMovieService.swift in Sources */,
				4D73A68A27FED3260058F0C0 /* BaseNavigationController.swift in Sources */,
				4D569FD2280189F60019D709 /* Collection+Ext.swift in Sources */,
				4D56A00228021F7A0019D709 /* MovieDetailsVM.swift in Sources */,
				4D73A68427FED0030058F0C0 /* Coordinator.swift in Sources */,
				4DB7FB5E2800EEFF00F18F3F /* SearchResponseModel.swift in Sources */,
				4DB7FB412800C5DD00F18F3F /* NSObject+Ext.swift in Sources */,
				4DB7FB462800C6B800F18F3F /* SplashScreenTransition.swift in Sources */,
				4D56A022280336640019D709 /* AnalyticsManager.swift in Sources */,
				4DB7FB602800F2B600F18F3F /* HomeVM.swift in Sources */,
				4DB7FB5C2800DC2900F18F3F /* InputMovieSearchModel.swift in Sources */,
				4D569FEA280208890019D709 /* InputMovieDetailModel.swift in Sources */,
				4DB7FB2B27FF607600F18F3F /* SplashVC.swift in Sources */,
				4DB7FB3427FF63E200F18F3F /* SplashVM.swift in Sources */,
				4D56A02628033D460019D709 /* DetailModelMapper.swift in Sources */,
			);
			runOnlyForDeploymentPostprocessing = 0;
		};
		4D73A65727FEC1BB0058F0C0 /* Sources */ = {
			isa = PBXSourcesBuildPhase;
			buildActionMask = 2147483647;
			files = (
				4D73A66027FEC1BB0058F0C0 /* LoodosMovieTests.swift in Sources */,
			);
			runOnlyForDeploymentPostprocessing = 0;
		};
		4D73A66127FEC1BB0058F0C0 /* Sources */ = {
			isa = PBXSourcesBuildPhase;
			buildActionMask = 2147483647;
			files = (
				4D73A66A27FEC1BB0058F0C0 /* LoodosMovieUITests.swift in Sources */,
				4D73A66C27FEC1BB0058F0C0 /* LoodosMovieUITestsLaunchTests.swift in Sources */,
			);
			runOnlyForDeploymentPostprocessing = 0;
		};
/* End PBXSourcesBuildPhase section */

/* Begin PBXTargetDependency section */
		4D73A65D27FEC1BB0058F0C0 /* PBXTargetDependency */ = {
			isa = PBXTargetDependency;
			target = 4D73A64427FEC1B90058F0C0 /* LoodosMovie */;
			targetProxy = 4D73A65C27FEC1BB0058F0C0 /* PBXContainerItemProxy */;
		};
		4D73A66727FEC1BB0058F0C0 /* PBXTargetDependency */ = {
			isa = PBXTargetDependency;
			target = 4D73A64427FEC1B90058F0C0 /* LoodosMovie */;
			targetProxy = 4D73A66627FEC1BB0058F0C0 /* PBXContainerItemProxy */;
		};
/* End PBXTargetDependency section */

/* Begin PBXVariantGroup section */
		4D73A65327FEC1BB0058F0C0 /* LaunchScreen.storyboard */ = {
			isa = PBXVariantGroup;
			children = (
				4D73A65427FEC1BB0058F0C0 /* Base */,
			);
			name = LaunchScreen.storyboard;
			sourceTree = "<group>";
		};
/* End PBXVariantGroup section */

/* Begin XCBuildConfiguration section */
		4D73A66D27FEC1BB0058F0C0 /* Debug */ = {
			isa = XCBuildConfiguration;
			buildSettings = {
				ALWAYS_SEARCH_USER_PATHS = NO;
				CLANG_ANALYZER_NONNULL = YES;
				CLANG_ANALYZER_NUMBER_OBJECT_CONVERSION = YES_AGGRESSIVE;
				CLANG_CXX_LANGUAGE_STANDARD = "gnu++17";
				CLANG_ENABLE_MODULES = YES;
				CLANG_ENABLE_OBJC_ARC = YES;
				CLANG_ENABLE_OBJC_WEAK = YES;
				CLANG_WARN_BLOCK_CAPTURE_AUTORELEASING = YES;
				CLANG_WARN_BOOL_CONVERSION = YES;
				CLANG_WARN_COMMA = YES;
				CLANG_WARN_CONSTANT_CONVERSION = YES;
				CLANG_WARN_DEPRECATED_OBJC_IMPLEMENTATIONS = YES;
				CLANG_WARN_DIRECT_OBJC_ISA_USAGE = YES_ERROR;
				CLANG_WARN_DOCUMENTATION_COMMENTS = YES;
				CLANG_WARN_EMPTY_BODY = YES;
				CLANG_WARN_ENUM_CONVERSION = YES;
				CLANG_WARN_INFINITE_RECURSION = YES;
				CLANG_WARN_INT_CONVERSION = YES;
				CLANG_WARN_NON_LITERAL_NULL_CONVERSION = YES;
				CLANG_WARN_OBJC_IMPLICIT_RETAIN_SELF = YES;
				CLANG_WARN_OBJC_LITERAL_CONVERSION = YES;
				CLANG_WARN_OBJC_ROOT_CLASS = YES_ERROR;
				CLANG_WARN_QUOTED_INCLUDE_IN_FRAMEWORK_HEADER = YES;
				CLANG_WARN_RANGE_LOOP_ANALYSIS = YES;
				CLANG_WARN_STRICT_PROTOTYPES = YES;
				CLANG_WARN_SUSPICIOUS_MOVE = YES;
				CLANG_WARN_UNGUARDED_AVAILABILITY = YES_AGGRESSIVE;
				CLANG_WARN_UNREACHABLE_CODE = YES;
				CLANG_WARN__DUPLICATE_METHOD_MATCH = YES;
				COPY_PHASE_STRIP = NO;
				DEBUG_INFORMATION_FORMAT = dwarf;
				ENABLE_STRICT_OBJC_MSGSEND = YES;
				ENABLE_TESTABILITY = YES;
				GCC_C_LANGUAGE_STANDARD = gnu11;
				GCC_DYNAMIC_NO_PIC = NO;
				GCC_NO_COMMON_BLOCKS = YES;
				GCC_OPTIMIZATION_LEVEL = 0;
				GCC_PREPROCESSOR_DEFINITIONS = (
					"DEBUG=1",
					"$(inherited)",
				);
				GCC_WARN_64_TO_32_BIT_CONVERSION = YES;
				GCC_WARN_ABOUT_RETURN_TYPE = YES_ERROR;
				GCC_WARN_UNDECLARED_SELECTOR = YES;
				GCC_WARN_UNINITIALIZED_AUTOS = YES_AGGRESSIVE;
				GCC_WARN_UNUSED_FUNCTION = YES;
				GCC_WARN_UNUSED_VARIABLE = YES;
				IPHONEOS_DEPLOYMENT_TARGET = 15.4;
				MTL_ENABLE_DEBUG_INFO = INCLUDE_SOURCE;
				MTL_FAST_MATH = YES;
				ONLY_ACTIVE_ARCH = YES;
				SDKROOT = iphoneos;
				SWIFT_ACTIVE_COMPILATION_CONDITIONS = DEBUG;
				SWIFT_OPTIMIZATION_LEVEL = "-Onone";
			};
			name = Debug;
		};
		4D73A66E27FEC1BB0058F0C0 /* Release */ = {
			isa = XCBuildConfiguration;
			buildSettings = {
				ALWAYS_SEARCH_USER_PATHS = NO;
				CLANG_ANALYZER_NONNULL = YES;
				CLANG_ANALYZER_NUMBER_OBJECT_CONVERSION = YES_AGGRESSIVE;
				CLANG_CXX_LANGUAGE_STANDARD = "gnu++17";
				CLANG_ENABLE_MODULES = YES;
				CLANG_ENABLE_OBJC_ARC = YES;
				CLANG_ENABLE_OBJC_WEAK = YES;
				CLANG_WARN_BLOCK_CAPTURE_AUTORELEASING = YES;
				CLANG_WARN_BOOL_CONVERSION = YES;
				CLANG_WARN_COMMA = YES;
				CLANG_WARN_CONSTANT_CONVERSION = YES;
				CLANG_WARN_DEPRECATED_OBJC_IMPLEMENTATIONS = YES;
				CLANG_WARN_DIRECT_OBJC_ISA_USAGE = YES_ERROR;
				CLANG_WARN_DOCUMENTATION_COMMENTS = YES;
				CLANG_WARN_EMPTY_BODY = YES;
				CLANG_WARN_ENUM_CONVERSION = YES;
				CLANG_WARN_INFINITE_RECURSION = YES;
				CLANG_WARN_INT_CONVERSION = YES;
				CLANG_WARN_NON_LITERAL_NULL_CONVERSION = YES;
				CLANG_WARN_OBJC_IMPLICIT_RETAIN_SELF = YES;
				CLANG_WARN_OBJC_LITERAL_CONVERSION = YES;
				CLANG_WARN_OBJC_ROOT_CLASS = YES_ERROR;
				CLANG_WARN_QUOTED_INCLUDE_IN_FRAMEWORK_HEADER = YES;
				CLANG_WARN_RANGE_LOOP_ANALYSIS = YES;
				CLANG_WARN_STRICT_PROTOTYPES = YES;
				CLANG_WARN_SUSPICIOUS_MOVE = YES;
				CLANG_WARN_UNGUARDED_AVAILABILITY = YES_AGGRESSIVE;
				CLANG_WARN_UNREACHABLE_CODE = YES;
				CLANG_WARN__DUPLICATE_METHOD_MATCH = YES;
				COPY_PHASE_STRIP = NO;
				DEBUG_INFORMATION_FORMAT = "dwarf-with-dsym";
				ENABLE_NS_ASSERTIONS = NO;
				ENABLE_STRICT_OBJC_MSGSEND = YES;
				GCC_C_LANGUAGE_STANDARD = gnu11;
				GCC_NO_COMMON_BLOCKS = YES;
				GCC_WARN_64_TO_32_BIT_CONVERSION = YES;
				GCC_WARN_ABOUT_RETURN_TYPE = YES_ERROR;
				GCC_WARN_UNDECLARED_SELECTOR = YES;
				GCC_WARN_UNINITIALIZED_AUTOS = YES_AGGRESSIVE;
				GCC_WARN_UNUSED_FUNCTION = YES;
				GCC_WARN_UNUSED_VARIABLE = YES;
				IPHONEOS_DEPLOYMENT_TARGET = 15.4;
				MTL_ENABLE_DEBUG_INFO = NO;
				MTL_FAST_MATH = YES;
				SDKROOT = iphoneos;
				SWIFT_COMPILATION_MODE = wholemodule;
				SWIFT_OPTIMIZATION_LEVEL = "-O";
				VALIDATE_PRODUCT = YES;
			};
			name = Release;
		};
		4D73A67027FEC1BB0058F0C0 /* Debug */ = {
			isa = XCBuildConfiguration;
			baseConfigurationReference = 5F71CF3970D286C1271B7C48 /* Pods-LoodosMovie.debug.xcconfig */;
			buildSettings = {
				ASSETCATALOG_COMPILER_APPICON_NAME = AppIcon;
				ASSETCATALOG_COMPILER_GLOBAL_ACCENT_COLOR_NAME = AccentColor;
				CODE_SIGN_STYLE = Automatic;
				CURRENT_PROJECT_VERSION = 1;
				GENERATE_INFOPLIST_FILE = YES;
				INFOPLIST_FILE = LoodosMovie/Info.plist;
				INFOPLIST_KEY_UIApplicationSupportsIndirectInputEvents = YES;
				INFOPLIST_KEY_UILaunchStoryboardName = LaunchScreen;
				INFOPLIST_KEY_UISupportedInterfaceOrientations = UIInterfaceOrientationPortrait;
				INFOPLIST_KEY_UISupportedInterfaceOrientations_iPad = "UIInterfaceOrientationPortrait UIInterfaceOrientationPortraitUpsideDown UIInterfaceOrientationLandscapeLeft UIInterfaceOrientationLandscapeRight";
				INFOPLIST_KEY_UISupportedInterfaceOrientations_iPhone = "UIInterfaceOrientationPortrait UIInterfaceOrientationLandscapeLeft UIInterfaceOrientationLandscapeRight";
				INFOPLIST_KEY_UIUserInterfaceStyle = Light;
				IPHONEOS_DEPLOYMENT_TARGET = 15.4;
				LD_RUNPATH_SEARCH_PATHS = (
					"$(inherited)",
					"@executable_path/Frameworks",
				);
				MARKETING_VERSION = 1.0;
				PRODUCT_BUNDLE_IDENTIFIER = com.kaya.LoodosMovie;
				PRODUCT_NAME = "$(TARGET_NAME)";
				SWIFT_EMIT_LOC_STRINGS = YES;
				SWIFT_VERSION = 5.0;
				TARGETED_DEVICE_FAMILY = "1,2";
			};
			name = Debug;
		};
		4D73A67127FEC1BB0058F0C0 /* Release */ = {
			isa = XCBuildConfiguration;
			baseConfigurationReference = F9C8401A827BDF5428181D9C /* Pods-LoodosMovie.release.xcconfig */;
			buildSettings = {
				ASSETCATALOG_COMPILER_APPICON_NAME = AppIcon;
				ASSETCATALOG_COMPILER_GLOBAL_ACCENT_COLOR_NAME = AccentColor;
				CODE_SIGN_STYLE = Automatic;
				CURRENT_PROJECT_VERSION = 1;
				GENERATE_INFOPLIST_FILE = YES;
				INFOPLIST_FILE = LoodosMovie/Info.plist;
				INFOPLIST_KEY_UIApplicationSupportsIndirectInputEvents = YES;
				INFOPLIST_KEY_UILaunchStoryboardName = LaunchScreen;
				INFOPLIST_KEY_UISupportedInterfaceOrientations = UIInterfaceOrientationPortrait;
				INFOPLIST_KEY_UISupportedInterfaceOrientations_iPad = "UIInterfaceOrientationPortrait UIInterfaceOrientationPortraitUpsideDown UIInterfaceOrientationLandscapeLeft UIInterfaceOrientationLandscapeRight";
				INFOPLIST_KEY_UISupportedInterfaceOrientations_iPhone = "UIInterfaceOrientationPortrait UIInterfaceOrientationLandscapeLeft UIInterfaceOrientationLandscapeRight";
				INFOPLIST_KEY_UIUserInterfaceStyle = Light;
				IPHONEOS_DEPLOYMENT_TARGET = 15.4;
				LD_RUNPATH_SEARCH_PATHS = (
					"$(inherited)",
					"@executable_path/Frameworks",
				);
				MARKETING_VERSION = 1.0;
				PRODUCT_BUNDLE_IDENTIFIER = com.kaya.LoodosMovie;
				PRODUCT_NAME = "$(TARGET_NAME)";
				SWIFT_EMIT_LOC_STRINGS = YES;
				SWIFT_VERSION = 5.0;
				TARGETED_DEVICE_FAMILY = "1,2";
			};
			name = Release;
		};
		4D73A67327FEC1BB0058F0C0 /* Debug */ = {
			isa = XCBuildConfiguration;
			baseConfigurationReference = CC870961F2CBF26334A2931D /* Pods-LoodosMovieTests.debug.xcconfig */;
			buildSettings = {
				ALWAYS_EMBED_SWIFT_STANDARD_LIBRARIES = YES;
				BUNDLE_LOADER = "$(TEST_HOST)";
				CODE_SIGN_STYLE = Automatic;
				CURRENT_PROJECT_VERSION = 1;
				GENERATE_INFOPLIST_FILE = YES;
				IPHONEOS_DEPLOYMENT_TARGET = 15.4;
				MARKETING_VERSION = 1.0;
				PRODUCT_BUNDLE_IDENTIFIER = com.kaya.LoodosMovieTests;
				PRODUCT_NAME = "$(TARGET_NAME)";
				SWIFT_EMIT_LOC_STRINGS = NO;
				SWIFT_VERSION = 5.0;
				TARGETED_DEVICE_FAMILY = "1,2";
				TEST_HOST = "$(BUILT_PRODUCTS_DIR)/LoodosMovie.app/LoodosMovie";
			};
			name = Debug;
		};
		4D73A67427FEC1BB0058F0C0 /* Release */ = {
			isa = XCBuildConfiguration;
			baseConfigurationReference = 0CF6931231AC7B8BE21A7E3E /* Pods-LoodosMovieTests.release.xcconfig */;
			buildSettings = {
				ALWAYS_EMBED_SWIFT_STANDARD_LIBRARIES = YES;
				BUNDLE_LOADER = "$(TEST_HOST)";
				CODE_SIGN_STYLE = Automatic;
				CURRENT_PROJECT_VERSION = 1;
				GENERATE_INFOPLIST_FILE = YES;
				IPHONEOS_DEPLOYMENT_TARGET = 15.4;
				MARKETING_VERSION = 1.0;
				PRODUCT_BUNDLE_IDENTIFIER = com.kaya.LoodosMovieTests;
				PRODUCT_NAME = "$(TARGET_NAME)";
				SWIFT_EMIT_LOC_STRINGS = NO;
				SWIFT_VERSION = 5.0;
				TARGETED_DEVICE_FAMILY = "1,2";
				TEST_HOST = "$(BUILT_PRODUCTS_DIR)/LoodosMovie.app/LoodosMovie";
			};
			name = Release;
		};
		4D73A67627FEC1BB0058F0C0 /* Debug */ = {
			isa = XCBuildConfiguration;
			baseConfigurationReference = 62B7AE2FE60036BB71D16DA5 /* Pods-LoodosMovie-LoodosMovieUITests.debug.xcconfig */;
			buildSettings = {
				ALWAYS_EMBED_SWIFT_STANDARD_LIBRARIES = YES;
				CODE_SIGN_STYLE = Automatic;
				CURRENT_PROJECT_VERSION = 1;
				GENERATE_INFOPLIST_FILE = YES;
				MARKETING_VERSION = 1.0;
				PRODUCT_BUNDLE_IDENTIFIER = com.kaya.LoodosMovieUITests;
				PRODUCT_NAME = "$(TARGET_NAME)";
				SWIFT_EMIT_LOC_STRINGS = NO;
				SWIFT_VERSION = 5.0;
				TARGETED_DEVICE_FAMILY = "1,2";
				TEST_TARGET_NAME = LoodosMovie;
			};
			name = Debug;
		};
		4D73A67727FEC1BB0058F0C0 /* Release */ = {
			isa = XCBuildConfiguration;
			baseConfigurationReference = B0EE9DCBF72CB60219C0CACD /* Pods-LoodosMovie-LoodosMovieUITests.release.xcconfig */;
			buildSettings = {
				ALWAYS_EMBED_SWIFT_STANDARD_LIBRARIES = YES;
				CODE_SIGN_STYLE = Automatic;
				CURRENT_PROJECT_VERSION = 1;
				GENERATE_INFOPLIST_FILE = YES;
				MARKETING_VERSION = 1.0;
				PRODUCT_BUNDLE_IDENTIFIER = com.kaya.LoodosMovieUITests;
				PRODUCT_NAME = "$(TARGET_NAME)";
				SWIFT_EMIT_LOC_STRINGS = NO;
				SWIFT_VERSION = 5.0;
				TARGETED_DEVICE_FAMILY = "1,2";
				TEST_TARGET_NAME = LoodosMovie;
			};
			name = Release;
		};
/* End XCBuildConfiguration section */

/* Begin XCConfigurationList section */
		4D73A64027FEC1B90058F0C0 /* Build configuration list for PBXProject "LoodosMovie" */ = {
			isa = XCConfigurationList;
			buildConfigurations = (
				4D73A66D27FEC1BB0058F0C0 /* Debug */,
				4D73A66E27FEC1BB0058F0C0 /* Release */,
			);
			defaultConfigurationIsVisible = 0;
			defaultConfigurationName = Release;
		};
		4D73A66F27FEC1BB0058F0C0 /* Build configuration list for PBXNativeTarget "LoodosMovie" */ = {
			isa = XCConfigurationList;
			buildConfigurations = (
				4D73A67027FEC1BB0058F0C0 /* Debug */,
				4D73A67127FEC1BB0058F0C0 /* Release */,
			);
			defaultConfigurationIsVisible = 0;
			defaultConfigurationName = Release;
		};
		4D73A67227FEC1BB0058F0C0 /* Build configuration list for PBXNativeTarget "LoodosMovieTests" */ = {
			isa = XCConfigurationList;
			buildConfigurations = (
				4D73A67327FEC1BB0058F0C0 /* Debug */,
				4D73A67427FEC1BB0058F0C0 /* Release */,
			);
			defaultConfigurationIsVisible = 0;
			defaultConfigurationName = Release;
		};
		4D73A67527FEC1BB0058F0C0 /* Build configuration list for PBXNativeTarget "LoodosMovieUITests" */ = {
			isa = XCConfigurationList;
			buildConfigurations = (
				4D73A67627FEC1BB0058F0C0 /* Debug */,
				4D73A67727FEC1BB0058F0C0 /* Release */,
			);
			defaultConfigurationIsVisible = 0;
			defaultConfigurationName = Release;
		};
/* End XCConfigurationList section */
	};
	rootObject = 4D73A63D27FEC1B90058F0C0 /* Project object */;
}
